
Microsoft Visual Studio Solution File, Format Version 12.00
# Visual Studio Version 16
VisualStudioVersion = 16.0.31911.196
MinimumVisualStudioVersion = 10.0.40219.1
Project("{FAE04EC0-301F-11D3-BF4B-00C04F79EFBC}") = "proyecto10.2", "proyecto10.2\proyecto10.2.csproj", "{D28C2415-CC1C-4307-BCD4-036D6461AFB2}"
EndProject
Global
	GlobalSection(SolutionConfigurationPlatforms) = preSolution
		Debug|Any CPU = Debug|Any CPU
		Release|Any CPU = Release|Any CPU
	EndGlobalSection
	GlobalSection(ProjectConfigurationPlatforms) = postSolution
		{D28C2415-CC1C-4307-BCD4-036D6461AFB2}.Debug|Any CPU.ActiveCfg = Debug|Any CPU
		{D28C2415-CC1C-4307-BCD4-036D6461AFB2}.Debug|Any CPU.Build.0 = Debug|Any CPU
		{D28C2415-CC1C-4307-BCD4-036D6461AFB2}.Release|Any CPU.ActiveCfg = Release|Any CPU
		{D28C2415-CC1C-4307-BCD4-036D6461AFB2}.Release|Any CPU.Build.0 = Release|Any CPU
	EndGlobalSection
	GlobalSection(SolutionProperties) = preSolution
		HideSolutionNode = FALSE
	EndGlobalSection
	GlobalSection(ExtensibilityGlobals) = postSolution
		SolutionGuid = {8365322A-3C6B-4F1D-BC92-35615741B61F}
	EndGlobalSection
EndGlobal
